
Microsoft Visual Studio Solution File, Format Version 12.00
# Visual Studio Version 17
VisualStudioVersion = 17.8.34330.188
MinimumVisualStudioVersion = 10.0.40219.1
Project("{9A19103F-16F7-4668-BE54-9A1E7A4F7556}") = "Question1", "Question1\Question1.csproj", "{788437DF-C526-4A90-9388-117761836DD7}"
EndProject
Project("{9A19103F-16F7-4668-BE54-9A1E7A4F7556}") = "Question2", "Question2\Question2.csproj", "{2B857367-FE98-422E-8A7E-5DF8FC987271}"
EndProject
Project("{9A19103F-16F7-4668-BE54-9A1E7A4F7556}") = "Question3", "Question3\Question3.csproj", "{DC63B5AD-7186-4391-AB72-DE81F9D7AC53}"
EndProject
Project("{9A19103F-16F7-4668-BE54-9A1E7A4F7556}") = "Question4", "Question4\Question4.csproj", "{67D10379-2F32-4B53-99EF-1132168036EA}"
EndProject
Project("{9A19103F-16F7-4668-BE54-9A1E7A4F7556}") = "Question5", "Question5\Question5.csproj", "{A1F60233-90DE-4EE6-80E7-68C063232F4F}"
EndProject
Project("{9A19103F-16F7-4668-BE54-9A1E7A4F7556}") = "PracticeQuestions", "PracticeQuestions\PracticeQuestions.csproj", "{81050D93-AAE8-424E-82E1-B39CFBC5117A}"
EndProject
Project("{9A19103F-16F7-4668-BE54-9A1E7A4F7556}") = "Question6", "Question6\Question6.csproj", "{7EEEE114-73DF-482A-B014-351577937492}"
EndProject
Project("{9A19103F-16F7-4668-BE54-9A1E7A4F7556}") = "Question7", "Question7\Question7.csproj", "{CA0B7E4B-673E-4BD6-B24C-94FCFF398443}"
EndProject
Project("{FAE04EC0-301F-11D3-BF4B-00C04F79EFBC}") = "Question8", "Question8\Question8.csproj", "{5D04D7BB-2D6D-40B1-84D4-902209B12C41}"
EndProject
Project("{FAE04EC0-301F-11D3-BF4B-00C04F79EFBC}") = "Question9", "Question9\Question9.csproj", "{5E381EA8-3525-4AF7-843F-D0596F0AEA95}"
EndProject
Global
	GlobalSection(SolutionConfigurationPlatforms) = preSolution
		Debug|Any CPU = Debug|Any CPU
		Release|Any CPU = Release|Any CPU
	EndGlobalSection
	GlobalSection(ProjectConfigurationPlatforms) = postSolution
		{788437DF-C526-4A90-9388-117761836DD7}.Debug|Any CPU.ActiveCfg = Debug|Any CPU
		{788437DF-C526-4A90-9388-117761836DD7}.Debug|Any CPU.Build.0 = Debug|Any CPU
		{788437DF-C526-4A90-9388-117761836DD7}.Release|Any CPU.ActiveCfg = Release|Any CPU
		{788437DF-C526-4A90-9388-117761836DD7}.Release|Any CPU.Build.0 = Release|Any CPU
		{2B857367-FE98-422E-8A7E-5DF8FC987271}.Debug|Any CPU.ActiveCfg = Debug|Any CPU
		{2B857367-FE98-422E-8A7E-5DF8FC987271}.Debug|Any CPU.Build.0 = Debug|Any CPU
		{2B857367-FE98-422E-8A7E-5DF8FC987271}.Release|Any CPU.ActiveCfg = Release|Any CPU
		{2B857367-FE98-422E-8A7E-5DF8FC987271}.Release|Any CPU.Build.0 = Release|Any CPU
		{DC63B5AD-7186-4391-AB72-DE81F9D7AC53}.Debug|Any CPU.ActiveCfg = Debug|Any CPU
		{DC63B5AD-7186-4391-AB72-DE81F9D7AC53}.Debug|Any CPU.Build.0 = Debug|Any CPU
		{DC63B5AD-7186-4391-AB72-DE81F9D7AC53}.Release|Any CPU.ActiveCfg = Release|Any CPU
		{DC63B5AD-7186-4391-AB72-DE81F9D7AC53}.Release|Any CPU.Build.0 = Release|Any CPU
		{67D10379-2F32-4B53-99EF-1132168036EA}.Debug|Any CPU.ActiveCfg = Debug|Any CPU
		{67D10379-2F32-4B53-99EF-1132168036EA}.Debug|Any CPU.Build.0 = Debug|Any CPU
		{67D10379-2F32-4B53-99EF-1132168036EA}.Release|Any CPU.ActiveCfg = Release|Any CPU
		{67D10379-2F32-4B53-99EF-1132168036EA}.Release|Any CPU.Build.0 = Release|Any CPU
		{A1F60233-90DE-4EE6-80E7-68C063232F4F}.Debug|Any CPU.ActiveCfg = Debug|Any CPU
		{A1F60233-90DE-4EE6-80E7-68C063232F4F}.Debug|Any CPU.Build.0 = Debug|Any CPU
		{A1F60233-90DE-4EE6-80E7-68C063232F4F}.Release|Any CPU.ActiveCfg = Release|Any CPU
		{A1F60233-90DE-4EE6-80E7-68C063232F4F}.Release|Any CPU.Build.0 = Release|Any CPU
		{81050D93-AAE8-424E-82E1-B39CFBC5117A}.Debug|Any CPU.ActiveCfg = Debug|Any CPU
		{81050D93-AAE8-424E-82E1-B39CFBC5117A}.Debug|Any CPU.Build.0 = Debug|Any CPU
		{81050D93-AAE8-424E-82E1-B39CFBC5117A}.Release|Any CPU.ActiveCfg = Release|Any CPU
		{81050D93-AAE8-424E-82E1-B39CFBC5117A}.Release|Any CPU.Build.0 = Release|Any CPU
		{7EEEE114-73DF-482A-B014-351577937492}.Debug|Any CPU.ActiveCfg = Debug|Any CPU
		{7EEEE114-73DF-482A-B014-351577937492}.Debug|Any CPU.Build.0 = Debug|Any CPU
		{7EEEE114-73DF-482A-B014-351577937492}.Release|Any CPU.ActiveCfg = Release|Any CPU
		{7EEEE114-73DF-482A-B014-351577937492}.Release|Any CPU.Build.0 = Release|Any CPU
		{CA0B7E4B-673E-4BD6-B24C-94FCFF398443}.Debug|Any CPU.ActiveCfg = Debug|Any CPU
		{CA0B7E4B-673E-4BD6-B24C-94FCFF398443}.Debug|Any CPU.Build.0 = Debug|Any CPU
		{CA0B7E4B-673E-4BD6-B24C-94FCFF398443}.Release|Any CPU.ActiveCfg = Release|Any CPU
		{CA0B7E4B-673E-4BD6-B24C-94FCFF398443}.Release|Any CPU.Build.0 = Release|Any CPU
		{5D04D7BB-2D6D-40B1-84D4-902209B12C41}.Debug|Any CPU.ActiveCfg = Debug|Any CPU
		{5D04D7BB-2D6D-40B1-84D4-902209B12C41}.Debug|Any CPU.Build.0 = Debug|Any CPU
		{5D04D7BB-2D6D-40B1-84D4-902209B12C41}.Release|Any CPU.ActiveCfg = Release|Any CPU
		{5D04D7BB-2D6D-40B1-84D4-902209B12C41}.Release|Any CPU.Build.0 = Release|Any CPU
		{5E381EA8-3525-4AF7-843F-D0596F0AEA95}.Debug|Any CPU.ActiveCfg = Debug|Any CPU
		{5E381EA8-3525-4AF7-843F-D0596F0AEA95}.Debug|Any CPU.Build.0 = Debug|Any CPU
		{5E381EA8-3525-4AF7-843F-D0596F0AEA95}.Release|Any CPU.ActiveCfg = Release|Any CPU
		{5E381EA8-3525-4AF7-843F-D0596F0AEA95}.Release|Any CPU.Build.0 = Release|Any CPU
	EndGlobalSection
	GlobalSection(SolutionProperties) = preSolution
		HideSolutionNode = FALSE
	EndGlobalSection
	GlobalSection(ExtensibilityGlobals) = postSolution
		SolutionGuid = {0B00601B-1564-4CDB-B7F0-B925873A81C1}
	EndGlobalSection
EndGlobal
