
Microsoft Visual Studio Solution File, Format Version 12.00
# Visual Studio Version 17
VisualStudioVersion = 17.8.34330.188
MinimumVisualStudioVersion = 10.0.40219.1
Project("{9A19103F-16F7-4668-BE54-9A1E7A4F7556}") = "Question1", "Question1\Question1.csproj", "{788437DF-C526-4A90-9388-117761836DD7}"
EndProject
Project("{9A19103F-16F7-4668-BE54-9A1E7A4F7556}") = "Question2", "Question2\Question2.csproj", "{2B857367-FE98-422E-8A7E-5DF8FC987271}"
EndProject
Project("{9A19103F-16F7-4668-BE54-9A1E7A4F7556}") = "Question3", "Question3\Question3.csproj", "{DC63B5AD-7186-4391-AB72-DE81F9D7AC53}"
EndProject
Project("{9A19103F-16F7-4668-BE54-9A1E7A4F7556}") = "Question4", "Question4\Question4.csproj", "{67D10379-2F32-4B53-99EF-1132168036EA}"
EndProject
Project("{FAE04EC0-301F-11D3-BF4B-00C04F79EFBC}") = "Question5", "Question5\Question5.csproj", "{A1F60233-90DE-4EE6-80E7-68C063232F4F}"
EndProject
Global
	GlobalSection(SolutionConfigurationPlatforms) = preSolution
		Debug|Any CPU = Debug|Any CPU
		Release|Any CPU = Release|Any CPU
	EndGlobalSection
	GlobalSection(ProjectConfigurationPlatforms) = postSolution
		{788437DF-C526-4A90-9388-117761836DD7}.Debug|Any CPU.ActiveCfg = Debug|Any CPU
		{788437DF-C526-4A90-9388-117761836DD7}.Debug|Any CPU.Build.0 = Debug|Any CPU
		{788437DF-C526-4A90-9388-117761836DD7}.Release|Any CPU.ActiveCfg = Release|Any CPU
		{788437DF-C526-4A90-9388-117761836DD7}.Release|Any CPU.Build.0 = Release|Any CPU
		{2B857367-FE98-422E-8A7E-5DF8FC987271}.Debug|Any CPU.ActiveCfg = Debug|Any CPU
		{2B857367-FE98-422E-8A7E-5DF8FC987271}.Debug|Any CPU.Build.0 = Debug|Any CPU
		{2B857367-FE98-422E-8A7E-5DF8FC987271}.Release|Any CPU.ActiveCfg = Release|Any CPU
		{2B857367-FE98-422E-8A7E-5DF8FC987271}.Release|Any CPU.Build.0 = Release|Any CPU
		{DC63B5AD-7186-4391-AB72-DE81F9D7AC53}.Debug|Any CPU.ActiveCfg = Debug|Any CPU
		{DC63B5AD-7186-4391-AB72-DE81F9D7AC53}.Debug|Any CPU.Build.0 = Debug|Any CPU
		{DC63B5AD-7186-4391-AB72-DE81F9D7AC53}.Release|Any CPU.ActiveCfg = Release|Any CPU
		{DC63B5AD-7186-4391-AB72-DE81F9D7AC53}.Release|Any CPU.Build.0 = Release|Any CPU
		{67D10379-2F32-4B53-99EF-1132168036EA}.Debug|Any CPU.ActiveCfg = Debug|Any CPU
		{67D10379-2F32-4B53-99EF-1132168036EA}.Debug|Any CPU.Build.0 = Debug|Any CPU
		{67D10379-2F32-4B53-99EF-1132168036EA}.Release|Any CPU.ActiveCfg = Release|Any CPU
		{67D10379-2F32-4B53-99EF-1132168036EA}.Release|Any CPU.Build.0 = Release|Any CPU
		{A1F60233-90DE-4EE6-80E7-68C063232F4F}.Debug|Any CPU.ActiveCfg = Debug|Any CPU
		{A1F60233-90DE-4EE6-80E7-68C063232F4F}.Debug|Any CPU.Build.0 = Debug|Any CPU
		{A1F60233-90DE-4EE6-80E7-68C063232F4F}.Release|Any CPU.ActiveCfg = Release|Any CPU
		{A1F60233-90DE-4EE6-80E7-68C063232F4F}.Release|Any CPU.Build.0 = Release|Any CPU
	EndGlobalSection
	GlobalSection(SolutionProperties) = preSolution
		HideSolutionNode = FALSE
	EndGlobalSection
	GlobalSection(ExtensibilityGlobals) = postSolution
		SolutionGuid = {0B00601B-1564-4CDB-B7F0-B925873A81C1}
	EndGlobalSection
EndGlobal
